
Microsoft Visual Studio Solution File, Format Version 12.00
# Visual Studio 15
VisualStudioVersion = 15.0.26124.0
MinimumVisualStudioVersion = 15.0.26124.0
Project("{2150E333-8FDC-42A3-9474-1A3956D46DE8}") = "src", "src", "{5E65CFAF-1611-4A61-9BC9-04E0255FB4DE}"
EndProject
Project("{FAE04EC0-301F-11D3-BF4B-00C04F79EFBC}") = "SimplePayrollSoftware.ConsoleApp", "src\SimplePayrollSoftware.ConsoleApp\SimplePayrollSoftware.ConsoleApp.csproj", "{093B70D7-3624-453A-BA21-66E48D0B624D}"
EndProject
Project("{FAE04EC0-301F-11D3-BF4B-00C04F79EFBC}") = "SimplePayrollSoftware.ClassLib", "src\SimplePayrollSoftware.ClassLib\SimplePayrollSoftware.ClassLib.csproj", "{CABCE4B5-9ABF-4800-9AAE-F89C0B15201B}"
EndProject
Project("{2150E333-8FDC-42A3-9474-1A3956D46DE8}") = "test", "test", "{4FFD0594-39BA-4ACA-9E1E-50CF99657CF3}"
EndProject
Project("{FAE04EC0-301F-11D3-BF4B-00C04F79EFBC}") = "SimplePayrollSoftware.Tests", "test\SimplePayrollSoftware.Tests\SimplePayrollSoftware.Tests.csproj", "{6839639C-C2DC-40C7-BA3C-FDA8FB6339FC}"
EndProject
Global
	GlobalSection(SolutionConfigurationPlatforms) = preSolution
		Debug|Any CPU = Debug|Any CPU
		Debug|x64 = Debug|x64
		Debug|x86 = Debug|x86
		Release|Any CPU = Release|Any CPU
		Release|x64 = Release|x64
		Release|x86 = Release|x86
	EndGlobalSection
	GlobalSection(ProjectConfigurationPlatforms) = postSolution
		{093B70D7-3624-453A-BA21-66E48D0B624D}.Debug|Any CPU.ActiveCfg = Debug|Any CPU
		{093B70D7-3624-453A-BA21-66E48D0B624D}.Debug|Any CPU.Build.0 = Debug|Any CPU
		{093B70D7-3624-453A-BA21-66E48D0B624D}.Debug|x64.ActiveCfg = Debug|Any CPU
		{093B70D7-3624-453A-BA21-66E48D0B624D}.Debug|x64.Build.0 = Debug|Any CPU
		{093B70D7-3624-453A-BA21-66E48D0B624D}.Debug|x86.ActiveCfg = Debug|Any CPU
		{093B70D7-3624-453A-BA21-66E48D0B624D}.Debug|x86.Build.0 = Debug|Any CPU
		{093B70D7-3624-453A-BA21-66E48D0B624D}.Release|Any CPU.ActiveCfg = Release|Any CPU
		{093B70D7-3624-453A-BA21-66E48D0B624D}.Release|Any CPU.Build.0 = Release|Any CPU
		{093B70D7-3624-453A-BA21-66E48D0B624D}.Release|x64.ActiveCfg = Release|Any CPU
		{093B70D7-3624-453A-BA21-66E48D0B624D}.Release|x64.Build.0 = Release|Any CPU
		{093B70D7-3624-453A-BA21-66E48D0B624D}.Release|x86.ActiveCfg = Release|Any CPU
		{093B70D7-3624-453A-BA21-66E48D0B624D}.Release|x86.Build.0 = Release|Any CPU
		{CABCE4B5-9ABF-4800-9AAE-F89C0B15201B}.Debug|Any CPU.ActiveCfg = Debug|Any CPU
		{CABCE4B5-9ABF-4800-9AAE-F89C0B15201B}.Debug|Any CPU.Build.0 = Debug|Any CPU
		{CABCE4B5-9ABF-4800-9AAE-F89C0B15201B}.Debug|x64.ActiveCfg = Debug|Any CPU
		{CABCE4B5-9ABF-4800-9AAE-F89C0B15201B}.Debug|x64.Build.0 = Debug|Any CPU
		{CABCE4B5-9ABF-4800-9AAE-F89C0B15201B}.Debug|x86.ActiveCfg = Debug|Any CPU
		{CABCE4B5-9ABF-4800-9AAE-F89C0B15201B}.Debug|x86.Build.0 = Debug|Any CPU
		{CABCE4B5-9ABF-4800-9AAE-F89C0B15201B}.Release|Any CPU.ActiveCfg = Release|Any CPU
		{CABCE4B5-9ABF-4800-9AAE-F89C0B15201B}.Release|Any CPU.Build.0 = Release|Any CPU
		{CABCE4B5-9ABF-4800-9AAE-F89C0B15201B}.Release|x64.ActiveCfg = Release|Any CPU
		{CABCE4B5-9ABF-4800-9AAE-F89C0B15201B}.Release|x64.Build.0 = Release|Any CPU
		{CABCE4B5-9ABF-4800-9AAE-F89C0B15201B}.Release|x86.ActiveCfg = Release|Any CPU
		{CABCE4B5-9ABF-4800-9AAE-F89C0B15201B}.Release|x86.Build.0 = Release|Any CPU
		{6839639C-C2DC-40C7-BA3C-FDA8FB6339FC}.Debug|Any CPU.ActiveCfg = Debug|Any CPU
		{6839639C-C2DC-40C7-BA3C-FDA8FB6339FC}.Debug|Any CPU.Build.0 = Debug|Any CPU
		{6839639C-C2DC-40C7-BA3C-FDA8FB6339FC}.Debug|x64.ActiveCfg = Debug|Any CPU
		{6839639C-C2DC-40C7-BA3C-FDA8FB6339FC}.Debug|x64.Build.0 = Debug|Any CPU
		{6839639C-C2DC-40C7-BA3C-FDA8FB6339FC}.Debug|x86.ActiveCfg = Debug|Any CPU
		{6839639C-C2DC-40C7-BA3C-FDA8FB6339FC}.Debug|x86.Build.0 = Debug|Any CPU
		{6839639C-C2DC-40C7-BA3C-FDA8FB6339FC}.Release|Any CPU.ActiveCfg = Release|Any CPU
		{6839639C-C2DC-40C7-BA3C-FDA8FB6339FC}.Release|Any CPU.Build.0 = Release|Any CPU
		{6839639C-C2DC-40C7-BA3C-FDA8FB6339FC}.Release|x64.ActiveCfg = Release|Any CPU
		{6839639C-C2DC-40C7-BA3C-FDA8FB6339FC}.Release|x64.Build.0 = Release|Any CPU
		{6839639C-C2DC-40C7-BA3C-FDA8FB6339FC}.Release|x86.ActiveCfg = Release|Any CPU
		{6839639C-C2DC-40C7-BA3C-FDA8FB6339FC}.Release|x86.Build.0 = Release|Any CPU
	EndGlobalSection
	GlobalSection(NestedProjects) = preSolution
		{093B70D7-3624-453A-BA21-66E48D0B624D} = {5E65CFAF-1611-4A61-9BC9-04E0255FB4DE}
		{CABCE4B5-9ABF-4800-9AAE-F89C0B15201B} = {5E65CFAF-1611-4A61-9BC9-04E0255FB4DE}
		{6839639C-C2DC-40C7-BA3C-FDA8FB6339FC} = {4FFD0594-39BA-4ACA-9E1E-50CF99657CF3}
	EndGlobalSection
EndGlobal
